
Microsoft Visual Studio Solution File, Format Version 12.00
# 
Project("{FAE04EC0-301F-11D3-BF4B-00C04F79EFBC}") = "Bergdahl.Growcube.Client", "src\Bergdahl.Growcube.Client\Bergdahl.Growcube.Client.csproj", "{5300E886-8BA6-4482-91E4-9ACE00920701}"
EndProject
Project("{2150E333-8FDC-42A3-9474-1A3956D46DE8}") = "tests", "tests", "{7B6ED7D9-16B3-4DDD-942C-0E078F83C5B9}"
EndProject
Project("{FAE04EC0-301F-11D3-BF4B-00C04F79EFBC}") = "Bergdahl.Growcube.Client.Tests", "tests\Bergdahl.Growcube.Client.Tests\Bergdahl.Growcube.Client.Tests.csproj", "{B00D2D4A-E391-4E0D-8164-BA9F310BD7AB}"
EndProject
Global
	GlobalSection(SolutionConfigurationPlatforms) = preSolution
		Debug|Any CPU = Debug|Any CPU
		Release|Any CPU = Release|Any CPU
	EndGlobalSection
	GlobalSection(ProjectConfigurationPlatforms) = postSolution
		{5300E886-8BA6-4482-91E4-9ACE00920701}.Debug|Any CPU.ActiveCfg = Debug|Any CPU
		{5300E886-8BA6-4482-91E4-9ACE00920701}.Debug|Any CPU.Build.0 = Debug|Any CPU
		{5300E886-8BA6-4482-91E4-9ACE00920701}.Release|Any CPU.ActiveCfg = Release|Any CPU
		{5300E886-8BA6-4482-91E4-9ACE00920701}.Release|Any CPU.Build.0 = Release|Any CPU
		{B00D2D4A-E391-4E0D-8164-BA9F310BD7AB}.Debug|Any CPU.ActiveCfg = Debug|Any CPU
		{B00D2D4A-E391-4E0D-8164-BA9F310BD7AB}.Debug|Any CPU.Build.0 = Debug|Any CPU
		{B00D2D4A-E391-4E0D-8164-BA9F310BD7AB}.Release|Any CPU.ActiveCfg = Release|Any CPU
		{B00D2D4A-E391-4E0D-8164-BA9F310BD7AB}.Release|Any CPU.Build.0 = Release|Any CPU
	EndGlobalSection
	GlobalSection(NestedProjects) = preSolution
		{B00D2D4A-E391-4E0D-8164-BA9F310BD7AB} = {7B6ED7D9-16B3-4DDD-942C-0E078F83C5B9}
	EndGlobalSection
EndGlobal
